{
  "name": "session-forge-reporter",
  "version": "1.0.1",
  "lockfileVersion": 3,
  "requires": true,
  "packages": {
    "": {
      "name": "session-forge-reporter",
      "version": "1.0.1",
      "license": "MIT",
      "bin": {
        "session-forge-reporter": "dist/index.js"
      },
      "engines": {
        "node": ">=18.0.0"
      }
    }
  }
}
